
Microsoft Visual Studio Solution File, Format Version 12.00
# Visual Studio 14
VisualStudioVersion = 14.0.25420.1
MinimumVisualStudioVersion = 10.0.40219.1
Project("{2150E333-8FDC-42A3-9474-1A3956D46DE8}") = "Apps", "Apps", "{044EAC8D-2474-4757-8808-263D0F63572D}"
EndProject
Project("{2150E333-8FDC-42A3-9474-1A3956D46DE8}") = "Services", "Services", "{DA64BA37-F4D8-44CC-9120-651E5C54F81D}"
EndProject
Project("{FAE04EC0-301F-11D3-BF4B-00C04F79EFBC}") = "Karma.Apps.Droid", "Karma.Apps\Karma.Apps.Droid\Karma.Apps.Droid.csproj", "{4EA17F43-6030-45B9-A122-F0F079AC114D}"
EndProject
Project("{FAE04EC0-301F-11D3-BF4B-00C04F79EFBC}") = "Karma.Apps.iOS", "Karma.Apps\Karma.Apps.iOS\Karma.Apps.iOS.csproj", "{A6903D06-CD50-48D0-97ED-84432AF5558D}"
EndProject
Project("{FAE04EC0-301F-11D3-BF4B-00C04F79EFBC}") = "Karma.Apps.UWP", "Karma.Apps\Karma.Apps.UWP\Karma.Apps.UWP.csproj", "{A7E3132D-04F5-4492-8E88-FE2E43E7AA22}"
EndProject
Project("{FAE04EC0-301F-11D3-BF4B-00C04F79EFBC}") = "Karma.Apps", "Karma.Apps\Karma.Apps\Karma.Apps.csproj", "{FDDF1C18-0B08-43B4-82D5-29E2373B7490}"
EndProject
Project("{FAE04EC0-301F-11D3-BF4B-00C04F79EFBC}") = "Karma.Services", "Karma.Services\Karma.Services.csproj", "{28589177-624B-471F-AACC-E4B8E0643A2F}"
EndProject
Global
	GlobalSection(SolutionConfigurationPlatforms) = preSolution
		Ad-Hoc|Any CPU = Ad-Hoc|Any CPU
		Ad-Hoc|ARM = Ad-Hoc|ARM
		Ad-Hoc|iPhone = Ad-Hoc|iPhone
		Ad-Hoc|iPhoneSimulator = Ad-Hoc|iPhoneSimulator
		Ad-Hoc|x64 = Ad-Hoc|x64
		Ad-Hoc|x86 = Ad-Hoc|x86
		AppStore|Any CPU = AppStore|Any CPU
		AppStore|ARM = AppStore|ARM
		AppStore|iPhone = AppStore|iPhone
		AppStore|iPhoneSimulator = AppStore|iPhoneSimulator
		AppStore|x64 = AppStore|x64
		AppStore|x86 = AppStore|x86
		Debug|Any CPU = Debug|Any CPU
		Debug|ARM = Debug|ARM
		Debug|iPhone = Debug|iPhone
		Debug|iPhoneSimulator = Debug|iPhoneSimulator
		Debug|x64 = Debug|x64
		Debug|x86 = Debug|x86
		Release|Any CPU = Release|Any CPU
		Release|ARM = Release|ARM
		Release|iPhone = Release|iPhone
		Release|iPhoneSimulator = Release|iPhoneSimulator
		Release|x64 = Release|x64
		Release|x86 = Release|x86
	EndGlobalSection
	GlobalSection(ProjectConfigurationPlatforms) = postSolution
		{4EA17F43-6030-45B9-A122-F0F079AC114D}.Ad-Hoc|Any CPU.ActiveCfg = Release|Any CPU
		{4EA17F43-6030-45B9-A122-F0F079AC114D}.Ad-Hoc|Any CPU.Build.0 = Release|Any CPU
		{4EA17F43-6030-45B9-A122-F0F079AC114D}.Ad-Hoc|Any CPU.Deploy.0 = Release|Any CPU
		{4EA17F43-6030-45B9-A122-F0F079AC114D}.Ad-Hoc|ARM.ActiveCfg = Release|Any CPU
		{4EA17F43-6030-45B9-A122-F0F079AC114D}.Ad-Hoc|ARM.Build.0 = Release|Any CPU
		{4EA17F43-6030-45B9-A122-F0F079AC114D}.Ad-Hoc|ARM.Deploy.0 = Release|Any CPU
		{4EA17F43-6030-45B9-A122-F0F079AC114D}.Ad-Hoc|iPhone.ActiveCfg = Release|Any CPU
		{4EA17F43-6030-45B9-A122-F0F079AC114D}.Ad-Hoc|iPhone.Build.0 = Release|Any CPU
		{4EA17F43-6030-45B9-A122-F0F079AC114D}.Ad-Hoc|iPhone.Deploy.0 = Release|Any CPU
		{4EA17F43-6030-45B9-A122-F0F079AC114D}.Ad-Hoc|iPhoneSimulator.ActiveCfg = Release|Any CPU
		{4EA17F43-6030-45B9-A122-F0F079AC114D}.Ad-Hoc|iPhoneSimulator.Build.0 = Release|Any CPU
		{4EA17F43-6030-45B9-A122-F0F079AC114D}.Ad-Hoc|iPhoneSimulator.Deploy.0 = Release|Any CPU
		{4EA17F43-6030-45B9-A122-F0F079AC114D}.Ad-Hoc|x64.ActiveCfg = Release|Any CPU
		{4EA17F43-6030-45B9-A122-F0F079AC114D}.Ad-Hoc|x64.Build.0 = Release|Any CPU
		{4EA17F43-6030-45B9-A122-F0F079AC114D}.Ad-Hoc|x64.Deploy.0 = Release|Any CPU
		{4EA17F43-6030-45B9-A122-F0F079AC114D}.Ad-Hoc|x86.ActiveCfg = Release|Any CPU
		{4EA17F43-6030-45B9-A122-F0F079AC114D}.Ad-Hoc|x86.Build.0 = Release|Any CPU
		{4EA17F43-6030-45B9-A122-F0F079AC114D}.Ad-Hoc|x86.Deploy.0 = Release|Any CPU
		{4EA17F43-6030-45B9-A122-F0F079AC114D}.AppStore|Any CPU.ActiveCfg = Release|Any CPU
		{4EA17F43-6030-45B9-A122-F0F079AC114D}.AppStore|Any CPU.Build.0 = Release|Any CPU
		{4EA17F43-6030-45B9-A122-F0F079AC114D}.AppStore|Any CPU.Deploy.0 = Release|Any CPU
		{4EA17F43-6030-45B9-A122-F0F079AC114D}.AppStore|ARM.ActiveCfg = Release|Any CPU
		{4EA17F43-6030-45B9-A122-F0F079AC114D}.AppStore|ARM.Build.0 = Release|Any CPU
		{4EA17F43-6030-45B9-A122-F0F079AC114D}.AppStore|ARM.Deploy.0 = Release|Any CPU
		{4EA17F43-6030-45B9-A122-F0F079AC114D}.AppStore|iPhone.ActiveCfg = Release|Any CPU
		{4EA17F43-6030-45B9-A122-F0F079AC114D}.AppStore|iPhone.Build.0 = Release|Any CPU
		{4EA17F43-6030-45B9-A122-F0F079AC114D}.AppStore|iPhone.Deploy.0 = Release|Any CPU
		{4EA17F43-6030-45B9-A122-F0F079AC114D}.AppStore|iPhoneSimulator.ActiveCfg = Release|Any CPU
		{4EA17F43-6030-45B9-A122-F0F079AC114D}.AppStore|iPhoneSimulator.Build.0 = Release|Any CPU
		{4EA17F43-6030-45B9-A122-F0F079AC114D}.AppStore|iPhoneSimulator.Deploy.0 = Release|Any CPU
		{4EA17F43-6030-45B9-A122-F0F079AC114D}.AppStore|x64.ActiveCfg = Release|Any CPU
		{4EA17F43-6030-45B9-A122-F0F079AC114D}.AppStore|x64.Build.0 = Release|Any CPU
		{4EA17F43-6030-45B9-A122-F0F079AC114D}.AppStore|x64.Deploy.0 = Release|Any CPU
		{4EA17F43-6030-45B9-A122-F0F079AC114D}.AppStore|x86.ActiveCfg = Release|Any CPU
		{4EA17F43-6030-45B9-A122-F0F079AC114D}.AppStore|x86.Build.0 = Release|Any CPU
		{4EA17F43-6030-45B9-A122-F0F079AC114D}.AppStore|x86.Deploy.0 = Release|Any CPU
		{4EA17F43-6030-45B9-A122-F0F079AC114D}.Debug|Any CPU.ActiveCfg = Debug|Any CPU
		{4EA17F43-6030-45B9-A122-F0F079AC114D}.Debug|Any CPU.Build.0 = Debug|Any CPU
		{4EA17F43-6030-45B9-A122-F0F079AC114D}.Debug|Any CPU.Deploy.0 = Debug|Any CPU
		{4EA17F43-6030-45B9-A122-F0F079AC114D}.Debug|ARM.ActiveCfg = Debug|Any CPU
		{4EA17F43-6030-45B9-A122-F0F079AC114D}.Debug|ARM.Build.0 = Debug|Any CPU
		{4EA17F43-6030-45B9-A122-F0F079AC114D}.Debug|ARM.Deploy.0 = Debug|Any CPU
		{4EA17F43-6030-45B9-A122-F0F079AC114D}.Debug|iPhone.ActiveCfg = Debug|Any CPU
		{4EA17F43-6030-45B9-A122-F0F079AC114D}.Debug|iPhone.Build.0 = Debug|Any CPU
		{4EA17F43-6030-45B9-A122-F0F079AC114D}.Debug|iPhone.Deploy.0 = Debug|Any CPU
		{4EA17F43-6030-45B9-A122-F0F079AC114D}.Debug|iPhoneSimulator.ActiveCfg = Debug|Any CPU
		{4EA17F43-6030-45B9-A122-F0F079AC114D}.Debug|iPhoneSimulator.Build.0 = Debug|Any CPU
		{4EA17F43-6030-45B9-A122-F0F079AC114D}.Debug|iPhoneSimulator.Deploy.0 = Debug|Any CPU
		{4EA17F43-6030-45B9-A122-F0F079AC114D}.Debug|x64.ActiveCfg = Debug|Any CPU
		{4EA17F43-6030-45B9-A122-F0F079AC114D}.Debug|x64.Build.0 = Debug|Any CPU
		{4EA17F43-6030-45B9-A122-F0F079AC114D}.Debug|x64.Deploy.0 = Debug|Any CPU
		{4EA17F43-6030-45B9-A122-F0F079AC114D}.Debug|x86.ActiveCfg = Debug|Any CPU
		{4EA17F43-6030-45B9-A122-F0F079AC114D}.Debug|x86.Build.0 = Debug|Any CPU
		{4EA17F43-6030-45B9-A122-F0F079AC114D}.Debug|x86.Deploy.0 = Debug|Any CPU
		{4EA17F43-6030-45B9-A122-F0F079AC114D}.Release|Any CPU.ActiveCfg = Release|Any CPU
		{4EA17F43-6030-45B9-A122-F0F079AC114D}.Release|Any CPU.Build.0 = Release|Any CPU
		{4EA17F43-6030-45B9-A122-F0F079AC114D}.Release|Any CPU.Deploy.0 = Release|Any CPU
		{4EA17F43-6030-45B9-A122-F0F079AC114D}.Release|ARM.ActiveCfg = Release|Any CPU
		{4EA17F43-6030-45B9-A122-F0F079AC114D}.Release|ARM.Build.0 = Release|Any CPU
		{4EA17F43-6030-45B9-A122-F0F079AC114D}.Release|ARM.Deploy.0 = Release|Any CPU
		{4EA17F43-6030-45B9-A122-F0F079AC114D}.Release|iPhone.ActiveCfg = Release|Any CPU
		{4EA17F43-6030-45B9-A122-F0F079AC114D}.Release|iPhone.Build.0 = Release|Any CPU
		{4EA17F43-6030-45B9-A122-F0F079AC114D}.Release|iPhone.Deploy.0 = Release|Any CPU
		{4EA17F43-6030-45B9-A122-F0F079AC114D}.Release|iPhoneSimulator.ActiveCfg = Release|Any CPU
		{4EA17F43-6030-45B9-A122-F0F079AC114D}.Release|iPhoneSimulator.Build.0 = Release|Any CPU
		{4EA17F43-6030-45B9-A122-F0F079AC114D}.Release|iPhoneSimulator.Deploy.0 = Release|Any CPU
		{4EA17F43-6030-45B9-A122-F0F079AC114D}.Release|x64.ActiveCfg = Release|Any CPU
		{4EA17F43-6030-45B9-A122-F0F079AC114D}.Release|x64.Build.0 = Release|Any CPU
		{4EA17F43-6030-45B9-A122-F0F079AC114D}.Release|x64.Deploy.0 = Release|Any CPU
		{4EA17F43-6030-45B9-A122-F0F079AC114D}.Release|x86.ActiveCfg = Release|Any CPU
		{4EA17F43-6030-45B9-A122-F0F079AC114D}.Release|x86.Build.0 = Release|Any CPU
		{4EA17F43-6030-45B9-A122-F0F079AC114D}.Release|x86.Deploy.0 = Release|Any CPU
		{A6903D06-CD50-48D0-97ED-84432AF5558D}.Ad-Hoc|Any CPU.ActiveCfg = Ad-Hoc|iPhone
		{A6903D06-CD50-48D0-97ED-84432AF5558D}.Ad-Hoc|ARM.ActiveCfg = Ad-Hoc|iPhone
		{A6903D06-CD50-48D0-97ED-84432AF5558D}.Ad-Hoc|iPhone.ActiveCfg = Ad-Hoc|iPhone
		{A6903D06-CD50-48D0-97ED-84432AF5558D}.Ad-Hoc|iPhone.Build.0 = Ad-Hoc|iPhone
		{A6903D06-CD50-48D0-97ED-84432AF5558D}.Ad-Hoc|iPhoneSimulator.ActiveCfg = Ad-Hoc|iPhoneSimulator
		{A6903D06-CD50-48D0-97ED-84432AF5558D}.Ad-Hoc|iPhoneSimulator.Build.0 = Ad-Hoc|iPhoneSimulator
		{A6903D06-CD50-48D0-97ED-84432AF5558D}.Ad-Hoc|x64.ActiveCfg = Ad-Hoc|iPhone
		{A6903D06-CD50-48D0-97ED-84432AF5558D}.Ad-Hoc|x86.ActiveCfg = Ad-Hoc|iPhone
		{A6903D06-CD50-48D0-97ED-84432AF5558D}.AppStore|Any CPU.ActiveCfg = AppStore|iPhone
		{A6903D06-CD50-48D0-97ED-84432AF5558D}.AppStore|ARM.ActiveCfg = AppStore|iPhone
		{A6903D06-CD50-48D0-97ED-84432AF5558D}.AppStore|iPhone.ActiveCfg = AppStore|iPhone
		{A6903D06-CD50-48D0-97ED-84432AF5558D}.AppStore|iPhone.Build.0 = AppStore|iPhone
		{A6903D06-CD50-48D0-97ED-84432AF5558D}.AppStore|iPhoneSimulator.ActiveCfg = AppStore|iPhoneSimulator
		{A6903D06-CD50-48D0-97ED-84432AF5558D}.AppStore|iPhoneSimulator.Build.0 = AppStore|iPhoneSimulator
		{A6903D06-CD50-48D0-97ED-84432AF5558D}.AppStore|x64.ActiveCfg = AppStore|iPhone
		{A6903D06-CD50-48D0-97ED-84432AF5558D}.AppStore|x86.ActiveCfg = AppStore|iPhone
		{A6903D06-CD50-48D0-97ED-84432AF5558D}.Debug|Any CPU.ActiveCfg = Debug|iPhone
		{A6903D06-CD50-48D0-97ED-84432AF5558D}.Debug|ARM.ActiveCfg = Debug|iPhone
		{A6903D06-CD50-48D0-97ED-84432AF5558D}.Debug|iPhone.ActiveCfg = Debug|iPhone
		{A6903D06-CD50-48D0-97ED-84432AF5558D}.Debug|iPhone.Build.0 = Debug|iPhone
		{A6903D06-CD50-48D0-97ED-84432AF5558D}.Debug|iPhoneSimulator.ActiveCfg = Debug|iPhoneSimulator
		{A6903D06-CD50-48D0-97ED-84432AF5558D}.Debug|iPhoneSimulator.Build.0 = Debug|iPhoneSimulator
		{A6903D06-CD50-48D0-97ED-84432AF5558D}.Debug|x64.ActiveCfg = Debug|iPhone
		{A6903D06-CD50-48D0-97ED-84432AF5558D}.Debug|x86.ActiveCfg = Debug|iPhone
		{A6903D06-CD50-48D0-97ED-84432AF5558D}.Release|Any CPU.ActiveCfg = Release|iPhone
		{A6903D06-CD50-48D0-97ED-84432AF5558D}.Release|ARM.ActiveCfg = Release|iPhone
		{A6903D06-CD50-48D0-97ED-84432AF5558D}.Release|iPhone.ActiveCfg = Release|iPhone
		{A6903D06-CD50-48D0-97ED-84432AF5558D}.Release|iPhone.Build.0 = Release|iPhone
		{A6903D06-CD50-48D0-97ED-84432AF5558D}.Release|iPhoneSimulator.ActiveCfg = Release|iPhoneSimulator
		{A6903D06-CD50-48D0-97ED-84432AF5558D}.Release|iPhoneSimulator.Build.0 = Release|iPhoneSimulator
		{A6903D06-CD50-48D0-97ED-84432AF5558D}.Release|x64.ActiveCfg = Release|iPhone
		{A6903D06-CD50-48D0-97ED-84432AF5558D}.Release|x86.ActiveCfg = Release|iPhone
		{A7E3132D-04F5-4492-8E88-FE2E43E7AA22}.Ad-Hoc|Any CPU.ActiveCfg = Release|x86
		{A7E3132D-04F5-4492-8E88-FE2E43E7AA22}.Ad-Hoc|Any CPU.Build.0 = Release|x86
		{A7E3132D-04F5-4492-8E88-FE2E43E7AA22}.Ad-Hoc|Any CPU.Deploy.0 = Release|x86
		{A7E3132D-04F5-4492-8E88-FE2E43E7AA22}.Ad-Hoc|ARM.ActiveCfg = Release|ARM
		{A7E3132D-04F5-4492-8E88-FE2E43E7AA22}.Ad-Hoc|ARM.Build.0 = Release|ARM
		{A7E3132D-04F5-4492-8E88-FE2E43E7AA22}.Ad-Hoc|ARM.Deploy.0 = Release|ARM
		{A7E3132D-04F5-4492-8E88-FE2E43E7AA22}.Ad-Hoc|iPhone.ActiveCfg = Release|x86
		{A7E3132D-04F5-4492-8E88-FE2E43E7AA22}.Ad-Hoc|iPhone.Build.0 = Release|x86
		{A7E3132D-04F5-4492-8E88-FE2E43E7AA22}.Ad-Hoc|iPhone.Deploy.0 = Release|x86
		{A7E3132D-04F5-4492-8E88-FE2E43E7AA22}.Ad-Hoc|iPhoneSimulator.ActiveCfg = Release|x86
		{A7E3132D-04F5-4492-8E88-FE2E43E7AA22}.Ad-Hoc|iPhoneSimulator.Build.0 = Release|x86
		{A7E3132D-04F5-4492-8E88-FE2E43E7AA22}.Ad-Hoc|iPhoneSimulator.Deploy.0 = Release|x86
		{A7E3132D-04F5-4492-8E88-FE2E43E7AA22}.Ad-Hoc|x64.ActiveCfg = Release|x64
		{A7E3132D-04F5-4492-8E88-FE2E43E7AA22}.Ad-Hoc|x64.Build.0 = Release|x64
		{A7E3132D-04F5-4492-8E88-FE2E43E7AA22}.Ad-Hoc|x64.Deploy.0 = Release|x64
		{A7E3132D-04F5-4492-8E88-FE2E43E7AA22}.Ad-Hoc|x86.ActiveCfg = Release|x86
		{A7E3132D-04F5-4492-8E88-FE2E43E7AA22}.Ad-Hoc|x86.Build.0 = Release|x86
		{A7E3132D-04F5-4492-8E88-FE2E43E7AA22}.Ad-Hoc|x86.Deploy.0 = Release|x86
		{A7E3132D-04F5-4492-8E88-FE2E43E7AA22}.AppStore|Any CPU.ActiveCfg = Release|x86
		{A7E3132D-04F5-4492-8E88-FE2E43E7AA22}.AppStore|Any CPU.Build.0 = Release|x86
		{A7E3132D-04F5-4492-8E88-FE2E43E7AA22}.AppStore|Any CPU.Deploy.0 = Release|x86
		{A7E3132D-04F5-4492-8E88-FE2E43E7AA22}.AppStore|ARM.ActiveCfg = Release|ARM
		{A7E3132D-04F5-4492-8E88-FE2E43E7AA22}.AppStore|ARM.Build.0 = Release|ARM
		{A7E3132D-04F5-4492-8E88-FE2E43E7AA22}.AppStore|ARM.Deploy.0 = Release|ARM
		{A7E3132D-04F5-4492-8E88-FE2E43E7AA22}.AppStore|iPhone.ActiveCfg = Release|x86
		{A7E3132D-04F5-4492-8E88-FE2E43E7AA22}.AppStore|iPhone.Build.0 = Release|x86
		{A7E3132D-04F5-4492-8E88-FE2E43E7AA22}.AppStore|iPhone.Deploy.0 = Release|x86
		{A7E3132D-04F5-4492-8E88-FE2E43E7AA22}.AppStore|iPhoneSimulator.ActiveCfg = Release|x86
		{A7E3132D-04F5-4492-8E88-FE2E43E7AA22}.AppStore|iPhoneSimulator.Build.0 = Release|x86
		{A7E3132D-04F5-4492-8E88-FE2E43E7AA22}.AppStore|iPhoneSimulator.Deploy.0 = Release|x86
		{A7E3132D-04F5-4492-8E88-FE2E43E7AA22}.AppStore|x64.ActiveCfg = Release|x64
		{A7E3132D-04F5-4492-8E88-FE2E43E7AA22}.AppStore|x64.Build.0 = Release|x64
		{A7E3132D-04F5-4492-8E88-FE2E43E7AA22}.AppStore|x64.Deploy.0 = Release|x64
		{A7E3132D-04F5-4492-8E88-FE2E43E7AA22}.AppStore|x86.ActiveCfg = Release|x86
		{A7E3132D-04F5-4492-8E88-FE2E43E7AA22}.AppStore|x86.Build.0 = Release|x86
		{A7E3132D-04F5-4492-8E88-FE2E43E7AA22}.AppStore|x86.Deploy.0 = Release|x86
		{A7E3132D-04F5-4492-8E88-FE2E43E7AA22}.Debug|Any CPU.ActiveCfg = Debug|x86
		{A7E3132D-04F5-4492-8E88-FE2E43E7AA22}.Debug|ARM.ActiveCfg = Debug|ARM
		{A7E3132D-04F5-4492-8E88-FE2E43E7AA22}.Debug|ARM.Build.0 = Debug|ARM
		{A7E3132D-04F5-4492-8E88-FE2E43E7AA22}.Debug|ARM.Deploy.0 = Debug|ARM
		{A7E3132D-04F5-4492-8E88-FE2E43E7AA22}.Debug|iPhone.ActiveCfg = Debug|x86
		{A7E3132D-04F5-4492-8E88-FE2E43E7AA22}.Debug|iPhoneSimulator.ActiveCfg = Debug|x86
		{A7E3132D-04F5-4492-8E88-FE2E43E7AA22}.Debug|x64.ActiveCfg = Debug|x64
		{A7E3132D-04F5-4492-8E88-FE2E43E7AA22}.Debug|x64.Build.0 = Debug|x64
		{A7E3132D-04F5-4492-8E88-FE2E43E7AA22}.Debug|x64.Deploy.0 = Debug|x64
		{A7E3132D-04F5-4492-8E88-FE2E43E7AA22}.Debug|x86.ActiveCfg = Debug|x86
		{A7E3132D-04F5-4492-8E88-FE2E43E7AA22}.Debug|x86.Build.0 = Debug|x86
		{A7E3132D-04F5-4492-8E88-FE2E43E7AA22}.Debug|x86.Deploy.0 = Debug|x86
		{A7E3132D-04F5-4492-8E88-FE2E43E7AA22}.Release|Any CPU.ActiveCfg = Release|x86
		{A7E3132D-04F5-4492-8E88-FE2E43E7AA22}.Release|ARM.ActiveCfg = Release|ARM
		{A7E3132D-04F5-4492-8E88-FE2E43E7AA22}.Release|ARM.Build.0 = Release|ARM
		{A7E3132D-04F5-4492-8E88-FE2E43E7AA22}.Release|ARM.Deploy.0 = Release|ARM
		{A7E3132D-04F5-4492-8E88-FE2E43E7AA22}.Release|iPhone.ActiveCfg = Release|x86
		{A7E3132D-04F5-4492-8E88-FE2E43E7AA22}.Release|iPhoneSimulator.ActiveCfg = Release|x86
		{A7E3132D-04F5-4492-8E88-FE2E43E7AA22}.Release|x64.ActiveCfg = Release|x64
		{A7E3132D-04F5-4492-8E88-FE2E43E7AA22}.Release|x64.Build.0 = Release|x64
		{A7E3132D-04F5-4492-8E88-FE2E43E7AA22}.Release|x64.Deploy.0 = Release|x64
		{A7E3132D-04F5-4492-8E88-FE2E43E7AA22}.Release|x86.ActiveCfg = Release|x86
		{A7E3132D-04F5-4492-8E88-FE2E43E7AA22}.Release|x86.Build.0 = Release|x86
		{A7E3132D-04F5-4492-8E88-FE2E43E7AA22}.Release|x86.Deploy.0 = Release|x86
		{FDDF1C18-0B08-43B4-82D5-29E2373B7490}.Ad-Hoc|Any CPU.ActiveCfg = Release|Any CPU
		{FDDF1C18-0B08-43B4-82D5-29E2373B7490}.Ad-Hoc|Any CPU.Build.0 = Release|Any CPU
		{FDDF1C18-0B08-43B4-82D5-29E2373B7490}.Ad-Hoc|ARM.ActiveCfg = Release|Any CPU
		{FDDF1C18-0B08-43B4-82D5-29E2373B7490}.Ad-Hoc|ARM.Build.0 = Release|Any CPU
		{FDDF1C18-0B08-43B4-82D5-29E2373B7490}.Ad-Hoc|iPhone.ActiveCfg = Release|Any CPU
		{FDDF1C18-0B08-43B4-82D5-29E2373B7490}.Ad-Hoc|iPhone.Build.0 = Release|Any CPU
		{FDDF1C18-0B08-43B4-82D5-29E2373B7490}.Ad-Hoc|iPhoneSimulator.ActiveCfg = Release|Any CPU
		{FDDF1C18-0B08-43B4-82D5-29E2373B7490}.Ad-Hoc|iPhoneSimulator.Build.0 = Release|Any CPU
		{FDDF1C18-0B08-43B4-82D5-29E2373B7490}.Ad-Hoc|x64.ActiveCfg = Release|Any CPU
		{FDDF1C18-0B08-43B4-82D5-29E2373B7490}.Ad-Hoc|x64.Build.0 = Release|Any CPU
		{FDDF1C18-0B08-43B4-82D5-29E2373B7490}.Ad-Hoc|x86.ActiveCfg = Release|Any CPU
		{FDDF1C18-0B08-43B4-82D5-29E2373B7490}.Ad-Hoc|x86.Build.0 = Release|Any CPU
		{FDDF1C18-0B08-43B4-82D5-29E2373B7490}.AppStore|Any CPU.ActiveCfg = Release|Any CPU
		{FDDF1C18-0B08-43B4-82D5-29E2373B7490}.AppStore|Any CPU.Build.0 = Release|Any CPU
		{FDDF1C18-0B08-43B4-82D5-29E2373B7490}.AppStore|ARM.ActiveCfg = Release|Any CPU
		{FDDF1C18-0B08-43B4-82D5-29E2373B7490}.AppStore|ARM.Build.0 = Release|Any CPU
		{FDDF1C18-0B08-43B4-82D5-29E2373B7490}.AppStore|iPhone.ActiveCfg = Release|Any CPU
		{FDDF1C18-0B08-43B4-82D5-29E2373B7490}.AppStore|iPhone.Build.0 = Release|Any CPU
		{FDDF1C18-0B08-43B4-82D5-29E2373B7490}.AppStore|iPhoneSimulator.ActiveCfg = Release|Any CPU
		{FDDF1C18-0B08-43B4-82D5-29E2373B7490}.AppStore|iPhoneSimulator.Build.0 = Release|Any CPU
		{FDDF1C18-0B08-43B4-82D5-29E2373B7490}.AppStore|x64.ActiveCfg = Release|Any CPU
		{FDDF1C18-0B08-43B4-82D5-29E2373B7490}.AppStore|x64.Build.0 = Release|Any CPU
		{FDDF1C18-0B08-43B4-82D5-29E2373B7490}.AppStore|x86.ActiveCfg = Release|Any CPU
		{FDDF1C18-0B08-43B4-82D5-29E2373B7490}.AppStore|x86.Build.0 = Release|Any CPU
		{FDDF1C18-0B08-43B4-82D5-29E2373B7490}.Debug|Any CPU.ActiveCfg = Debug|Any CPU
		{FDDF1C18-0B08-43B4-82D5-29E2373B7490}.Debug|Any CPU.Build.0 = Debug|Any CPU
		{FDDF1C18-0B08-43B4-82D5-29E2373B7490}.Debug|ARM.ActiveCfg = Debug|Any CPU
		{FDDF1C18-0B08-43B4-82D5-29E2373B7490}.Debug|ARM.Build.0 = Debug|Any CPU
		{FDDF1C18-0B08-43B4-82D5-29E2373B7490}.Debug|iPhone.ActiveCfg = Debug|Any CPU
		{FDDF1C18-0B08-43B4-82D5-29E2373B7490}.Debug|iPhone.Build.0 = Debug|Any CPU
		{FDDF1C18-0B08-43B4-82D5-29E2373B7490}.Debug|iPhoneSimulator.ActiveCfg = Debug|Any CPU
		{FDDF1C18-0B08-43B4-82D5-29E2373B7490}.Debug|iPhoneSimulator.Build.0 = Debug|Any CPU
		{FDDF1C18-0B08-43B4-82D5-29E2373B7490}.Debug|x64.ActiveCfg = Debug|Any CPU
		{FDDF1C18-0B08-43B4-82D5-29E2373B7490}.Debug|x64.Build.0 = Debug|Any CPU
		{FDDF1C18-0B08-43B4-82D5-29E2373B7490}.Debug|x86.ActiveCfg = Debug|Any CPU
		{FDDF1C18-0B08-43B4-82D5-29E2373B7490}.Debug|x86.Build.0 = Debug|Any CPU
		{FDDF1C18-0B08-43B4-82D5-29E2373B7490}.Release|Any CPU.ActiveCfg = Release|Any CPU
		{FDDF1C18-0B08-43B4-82D5-29E2373B7490}.Release|Any CPU.Build.0 = Release|Any CPU
		{FDDF1C18-0B08-43B4-82D5-29E2373B7490}.Release|ARM.ActiveCfg = Release|Any CPU
		{FDDF1C18-0B08-43B4-82D5-29E2373B7490}.Release|ARM.Build.0 = Release|Any CPU
		{FDDF1C18-0B08-43B4-82D5-29E2373B7490}.Release|iPhone.ActiveCfg = Release|Any CPU
		{FDDF1C18-0B08-43B4-82D5-29E2373B7490}.Release|iPhone.Build.0 = Release|Any CPU
		{FDDF1C18-0B08-43B4-82D5-29E2373B7490}.Release|iPhoneSimulator.ActiveCfg = Release|Any CPU
		{FDDF1C18-0B08-43B4-82D5-29E2373B7490}.Release|iPhoneSimulator.Build.0 = Release|Any CPU
		{FDDF1C18-0B08-43B4-82D5-29E2373B7490}.Release|x64.ActiveCfg = Release|Any CPU
		{FDDF1C18-0B08-43B4-82D5-29E2373B7490}.Release|x64.Build.0 = Release|Any CPU
		{FDDF1C18-0B08-43B4-82D5-29E2373B7490}.Release|x86.ActiveCfg = Release|Any CPU
		{FDDF1C18-0B08-43B4-82D5-29E2373B7490}.Release|x86.Build.0 = Release|Any CPU
		{28589177-624B-471F-AACC-E4B8E0643A2F}.Ad-Hoc|Any CPU.ActiveCfg = Release|Any CPU
		{28589177-624B-471F-AACC-E4B8E0643A2F}.Ad-Hoc|Any CPU.Build.0 = Release|Any CPU
		{28589177-624B-471F-AACC-E4B8E0643A2F}.Ad-Hoc|ARM.ActiveCfg = Release|Any CPU
		{28589177-624B-471F-AACC-E4B8E0643A2F}.Ad-Hoc|ARM.Build.0 = Release|Any CPU
		{28589177-624B-471F-AACC-E4B8E0643A2F}.Ad-Hoc|iPhone.ActiveCfg = Release|Any CPU
		{28589177-624B-471F-AACC-E4B8E0643A2F}.Ad-Hoc|iPhone.Build.0 = Release|Any CPU
		{28589177-624B-471F-AACC-E4B8E0643A2F}.Ad-Hoc|iPhoneSimulator.ActiveCfg = Release|Any CPU
		{28589177-624B-471F-AACC-E4B8E0643A2F}.Ad-Hoc|iPhoneSimulator.Build.0 = Release|Any CPU
		{28589177-624B-471F-AACC-E4B8E0643A2F}.Ad-Hoc|x64.ActiveCfg = Release|Any CPU
		{28589177-624B-471F-AACC-E4B8E0643A2F}.Ad-Hoc|x64.Build.0 = Release|Any CPU
		{28589177-624B-471F-AACC-E4B8E0643A2F}.Ad-Hoc|x86.ActiveCfg = Release|Any CPU
		{28589177-624B-471F-AACC-E4B8E0643A2F}.Ad-Hoc|x86.Build.0 = Release|Any CPU
		{28589177-624B-471F-AACC-E4B8E0643A2F}.AppStore|Any CPU.ActiveCfg = Release|Any CPU
		{28589177-624B-471F-AACC-E4B8E0643A2F}.AppStore|Any CPU.Build.0 = Release|Any CPU
		{28589177-624B-471F-AACC-E4B8E0643A2F}.AppStore|ARM.ActiveCfg = Release|Any CPU
		{28589177-624B-471F-AACC-E4B8E0643A2F}.AppStore|ARM.Build.0 = Release|Any CPU
		{28589177-624B-471F-AACC-E4B8E0643A2F}.AppStore|iPhone.ActiveCfg = Release|Any CPU
		{28589177-624B-471F-AACC-E4B8E0643A2F}.AppStore|iPhone.Build.0 = Release|Any CPU
		{28589177-624B-471F-AACC-E4B8E0643A2F}.AppStore|iPhoneSimulator.ActiveCfg = Release|Any CPU
		{28589177-624B-471F-AACC-E4B8E0643A2F}.AppStore|iPhoneSimulator.Build.0 = Release|Any CPU
		{28589177-624B-471F-AACC-E4B8E0643A2F}.AppStore|x64.ActiveCfg = Release|Any CPU
		{28589177-624B-471F-AACC-E4B8E0643A2F}.AppStore|x64.Build.0 = Release|Any CPU
		{28589177-624B-471F-AACC-E4B8E0643A2F}.AppStore|x86.ActiveCfg = Release|Any CPU
		{28589177-624B-471F-AACC-E4B8E0643A2F}.AppStore|x86.Build.0 = Release|Any CPU
		{28589177-624B-471F-AACC-E4B8E0643A2F}.Debug|Any CPU.ActiveCfg = Debug|Any CPU
		{28589177-624B-471F-AACC-E4B8E0643A2F}.Debug|Any CPU.Build.0 = Debug|Any CPU
		{28589177-624B-471F-AACC-E4B8E0643A2F}.Debug|ARM.ActiveCfg = Debug|Any CPU
		{28589177-624B-471F-AACC-E4B8E0643A2F}.Debug|ARM.Build.0 = Debug|Any CPU
		{28589177-624B-471F-AACC-E4B8E0643A2F}.Debug|iPhone.ActiveCfg = Debug|Any CPU
		{28589177-624B-471F-AACC-E4B8E0643A2F}.Debug|iPhone.Build.0 = Debug|Any CPU
		{28589177-624B-471F-AACC-E4B8E0643A2F}.Debug|iPhoneSimulator.ActiveCfg = Debug|Any CPU
		{28589177-624B-471F-AACC-E4B8E0643A2F}.Debug|iPhoneSimulator.Build.0 = Debug|Any CPU
		{28589177-624B-471F-AACC-E4B8E0643A2F}.Debug|x64.ActiveCfg = Debug|Any CPU
		{28589177-624B-471F-AACC-E4B8E0643A2F}.Debug|x64.Build.0 = Debug|Any CPU
		{28589177-624B-471F-AACC-E4B8E0643A2F}.Debug|x86.ActiveCfg = Debug|Any CPU
		{28589177-624B-471F-AACC-E4B8E0643A2F}.Debug|x86.Build.0 = Debug|Any CPU
		{28589177-624B-471F-AACC-E4B8E0643A2F}.Release|Any CPU.ActiveCfg = Release|Any CPU
		{28589177-624B-471F-AACC-E4B8E0643A2F}.Release|Any CPU.Build.0 = Release|Any CPU
		{28589177-624B-471F-AACC-E4B8E0643A2F}.Release|ARM.ActiveCfg = Release|Any CPU
		{28589177-624B-471F-AACC-E4B8E0643A2F}.Release|ARM.Build.0 = Release|Any CPU
		{28589177-624B-471F-AACC-E4B8E0643A2F}.Release|iPhone.ActiveCfg = Release|Any CPU
		{28589177-624B-471F-AACC-E4B8E0643A2F}.Release|iPhone.Build.0 = Release|Any CPU
		{28589177-624B-471F-AACC-E4B8E0643A2F}.Release|iPhoneSimulator.ActiveCfg = Release|Any CPU
		{28589177-624B-471F-AACC-E4B8E0643A2F}.Release|iPhoneSimulator.Build.0 = Release|Any CPU
		{28589177-624B-471F-AACC-E4B8E0643A2F}.Release|x64.ActiveCfg = Release|Any CPU
		{28589177-624B-471F-AACC-E4B8E0643A2F}.Release|x64.Build.0 = Release|Any CPU
		{28589177-624B-471F-AACC-E4B8E0643A2F}.Release|x86.ActiveCfg = Release|Any CPU
		{28589177-624B-471F-AACC-E4B8E0643A2F}.Release|x86.Build.0 = Release|Any CPU
	EndGlobalSection
	GlobalSection(SolutionProperties) = preSolution
		HideSolutionNode = FALSE
	EndGlobalSection
	GlobalSection(NestedProjects) = preSolution
		{4EA17F43-6030-45B9-A122-F0F079AC114D} = {044EAC8D-2474-4757-8808-263D0F63572D}
		{A6903D06-CD50-48D0-97ED-84432AF5558D} = {044EAC8D-2474-4757-8808-263D0F63572D}
		{A7E3132D-04F5-4492-8E88-FE2E43E7AA22} = {044EAC8D-2474-4757-8808-263D0F63572D}
		{FDDF1C18-0B08-43B4-82D5-29E2373B7490} = {044EAC8D-2474-4757-8808-263D0F63572D}
		{28589177-624B-471F-AACC-E4B8E0643A2F} = {DA64BA37-F4D8-44CC-9120-651E5C54F81D}
	EndGlobalSection
EndGlobal
